
Microsoft Visual Studio Solution File, Format Version 12.00
# Visual Studio Version 17
VisualStudioVersion = 17.14.36623.8
MinimumVisualStudioVersion = 10.0.40219.1
Project("{2150E333-8FDC-42A3-9474-1A3956D46DE8}") = "Task0", "Task0", "{02EA681E-C7D8-13C7-8484-4AC65E1B71E8}"
EndProject
Project("{FAE04EC0-301F-11D3-BF4B-00C04F79EFBC}") = "Tyuiu.SoldatovaPA.Sprint1.Task.V9", "Tyuiu.SoldatovaPA.Sprint1.Task.V9\Tyuiu.SoldatovaPA.Sprint1.Task.V9.csproj", "{98ADA28C-8D8B-44FD-B950-A5A6CFA22746}"
EndProject
Project("{FAE04EC0-301F-11D3-BF4B-00C04F79EFBC}") = "Tyuiu.SoldatovaPA.Sprint1.Task.V9.Lib", "Tyuiu.SoldatovaPA.Sprint1.Task.V9.Lib\Tyuiu.SoldatovaPA.Sprint1.Task.V9.Lib.csproj", "{480ED343-A850-498C-BCCB-B6FD50AAEBD4}"
EndProject
Project("{FAE04EC0-301F-11D3-BF4B-00C04F79EFBC}") = "Tyuiu.SoldatovaPA.Sprint1.Task.V9.Test", "Tyuiu.SoldatovaPA.Sprint1.Task.V9.Test\Tyuiu.SoldatovaPA.Sprint1.Task.V9.Test.csproj", "{F32337BB-F201-4BDA-8873-E66423A6393F}"
EndProject
Project("{2150E333-8FDC-42A3-9474-1A3956D46DE8}") = "Task1", "Task1", "{ADE906AB-2343-4849-ADB7-24030F65E012}"
EndProject
Project("{FAE04EC0-301F-11D3-BF4B-00C04F79EFBC}") = "Tyuiu.SoldatovaPA.Sprint1.Task1.V6", "Tyuiu.SoldatovaPA.Sprint1.Task1.V6\Tyuiu.SoldatovaPA.Sprint1.Task1.V6.csproj", "{EF5B3941-43EC-46C8-B7EE-BEDEF275E604}"
EndProject
Project("{FAE04EC0-301F-11D3-BF4B-00C04F79EFBC}") = "Tyuiu.SoldatovaPA.Sprint1.Task1.V6.Lib", "Tyuiu.SoldatovaPA.Sprint1.Task1.V6.Lib\Tyuiu.SoldatovaPA.Sprint1.Task1.V6.Lib.csproj", "{01E58F2B-2006-45F6-8CC0-8956A9A6DD97}"
EndProject
Project("{FAE04EC0-301F-11D3-BF4B-00C04F79EFBC}") = "Tyuiu.SoldatovaPA.Sprint1.Task1.V6.Test", "Tyuiu.SoldatovaPA.Sprint1.Task1.V6.Test\Tyuiu.SoldatovaPA.Sprint1.Task1.V6.Test.csproj", "{0CA113F8-7541-4B43-BCBD-D03BCAC59A37}"
EndProject
Project("{2150E333-8FDC-42A3-9474-1A3956D46DE8}") = "Task2", "Task2", "{1FF7ADDC-0FBA-4A0C-A51A-AD2996FBA103}"
EndProject
Project("{FAE04EC0-301F-11D3-BF4B-00C04F79EFBC}") = "Tyuiu.SoldatovaPA.Sprint1.Task2.V16", "Tyuiu.SoldatovaPA.Sprint1.Task2.V16\Tyuiu.SoldatovaPA.Sprint1.Task2.V16.csproj", "{2B1FBA92-C5D4-4A42-9A12-631FD852CF4E}"
EndProject
Project("{FAE04EC0-301F-11D3-BF4B-00C04F79EFBC}") = "Tyuiu.SoldatovaPA.Sprint1.Task2.V16.Lib", "Tyuiu.SoldatovaPA.Sprint1.Task2.V16.Lib\Tyuiu.SoldatovaPA.Sprint1.Task2.V16.Lib.csproj", "{4DF6B800-F171-4EC6-BC5D-4FD581C20CAE}"
EndProject
Project("{FAE04EC0-301F-11D3-BF4B-00C04F79EFBC}") = "Tyuiu.SoldatovaPA.Sprint1.Task2.V16.Test", "Tyuiu.SoldatovaPA.Sprint1.Task2.V16.Test\Tyuiu.SoldatovaPA.Sprint1.Task2.V16.Test.csproj", "{4147EA97-582B-4E5A-B33D-3B0E8BCC5D70}"
EndProject
Project("{2150E333-8FDC-42A3-9474-1A3956D46DE8}") = "Task3", "Task3", "{D021A844-0A2F-4AD2-A697-E96F19CB4E9E}"
EndProject
Project("{FAE04EC0-301F-11D3-BF4B-00C04F79EFBC}") = "Tyuiu.SoldatovaPA.Sprint1.Task3.V7", "Tyuiu.SoldatovaPA.Sprint1.Task3.V7\Tyuiu.SoldatovaPA.Sprint1.Task3.V7.csproj", "{961E0D3C-29E4-4A84-9F59-B3183B534778}"
EndProject
Project("{FAE04EC0-301F-11D3-BF4B-00C04F79EFBC}") = "Tyuiu.SoldatovaPA.Sprint1.Task3.V7.Lib", "Tyuiu.SoldatovaPA.Sprint1.Task3.V7.Lib\Tyuiu.SoldatovaPA.Sprint1.Task3.V7.Lib.csproj", "{5C9D18CB-D4EA-4C75-9884-D00C35EED595}"
EndProject
Project("{FAE04EC0-301F-11D3-BF4B-00C04F79EFBC}") = "Tyuiu.SoldatovaPA.Sprint1.Task3.V7.Test", "Tyuiu.SoldatovaPA.Sprint1.Task3.V7.Test\Tyuiu.SoldatovaPA.Sprint1.Task3.V7.Test.csproj", "{D50ED788-217A-4DD4-AAEB-96309D5D3989}"
EndProject
Project("{2150E333-8FDC-42A3-9474-1A3956D46DE8}") = "Task4", "Task4", "{3CA2CA93-5CE7-4947-8C7D-25163A461511}"
EndProject
Project("{FAE04EC0-301F-11D3-BF4B-00C04F79EFBC}") = "Tyuiu.SoldatovaPA.Sprint1.Task4.V1", "Tyuiu.SoldatovaPA.Sprint1.Task4.V1\Tyuiu.SoldatovaPA.Sprint1.Task4.V1.csproj", "{22D4B19D-2D5B-4750-B04F-770219A6AFA6}"
EndProject
Project("{FAE04EC0-301F-11D3-BF4B-00C04F79EFBC}") = "Tyuiu.SoldatovaPA.Sprint1.Task4.V1.Lib", "Tyuiu.SoldatovaPA.Sprint1.Task4.V1.Lib\Tyuiu.SoldatovaPA.Sprint1.Task4.V1.Lib.csproj", "{F8FFEB4B-DE63-4BD8-A38D-3FEBC704EA73}"
EndProject
Project("{FAE04EC0-301F-11D3-BF4B-00C04F79EFBC}") = "Tyuiu.SoldatovaPA.Sprint1.Task4.V1.Test", "Tyuiu.SoldatovaPA.Sprint1.Task4.V1.Test\Tyuiu.SoldatovaPA.Sprint1.Task4.V1.Test.csproj", "{62533CE7-4FBA-48AF-99FD-D1282F2E314D}"
EndProject
Project("{2150E333-8FDC-42A3-9474-1A3956D46DE8}") = "Task5", "Task5", "{D55A1D15-16A4-4DBF-9B41-5213DFD742A9}"
EndProject
Project("{FAE04EC0-301F-11D3-BF4B-00C04F79EFBC}") = "Tyuiu.SoldatovaPA.Sprint1.Task5.V3", "Tyuiu.SoldatovaPA.Sprint1.Task5.V3\Tyuiu.SoldatovaPA.Sprint1.Task5.V3.csproj", "{2B1122B9-5C14-4ACC-895C-55366BAC6CC1}"
EndProject
Project("{FAE04EC0-301F-11D3-BF4B-00C04F79EFBC}") = "Tyuiu.SoldatovaPA.Sprint1.Task5.V3.Lib", "Tyuiu.SoldatovaPA.Sprint1.Task5.V3.Lib\Tyuiu.SoldatovaPA.Sprint1.Task5.V3.Lib.csproj", "{19AE6653-04F5-489B-8D5B-982414613E08}"
EndProject
Project("{FAE04EC0-301F-11D3-BF4B-00C04F79EFBC}") = "Tyuiu.SoldatovaPA.Sprint1.Task5.V3.Test", "Tyuiu.SoldatovaPA.Sprint1.Task5.V3.Test\Tyuiu.SoldatovaPA.Sprint1.Task5.V3.Test.csproj", "{018EE971-6EBC-4500-B034-DC26E5C31F93}"
EndProject
Project("{2150E333-8FDC-42A3-9474-1A3956D46DE8}") = "Task6", "Task6", "{6A606572-B341-460D-9696-00FED8809700}"
EndProject
Project("{FAE04EC0-301F-11D3-BF4B-00C04F79EFBC}") = "Tyuiu.SoldatovaPA.Sprint1.Task6.V3", "Tyuiu.SoldatovaPA.Sprint1.Task6.V3\Tyuiu.SoldatovaPA.Sprint1.Task6.V3.csproj", "{FF19304F-4FBE-4CF7-A62D-49635A256FE7}"
EndProject
Project("{FAE04EC0-301F-11D3-BF4B-00C04F79EFBC}") = "Tyuiu.SoldatovaPA.Sprint1.Task6.V3.Lib", "Tyuiu.SoldatovaPA.Sprint1.Task6.V3.Lib\Tyuiu.SoldatovaPA.Sprint1.Task6.V3.Lib.csproj", "{9C1CE81D-1F5A-40E3-B1C7-0B5830CF8D7E}"
EndProject
Project("{FAE04EC0-301F-11D3-BF4B-00C04F79EFBC}") = "Tyuiu.SoldatovaPA.Sprint1.Task6.V3.Test", "Tyuiu.SoldatovaPA.Sprint1.Task6.V3.Test\Tyuiu.SoldatovaPA.Sprint1.Task6.V3.Test.csproj", "{CBEE7CD8-9F97-49B3-BED1-CD137887D3DC}"
EndProject
Global
	GlobalSection(SolutionConfigurationPlatforms) = preSolution
		Debug|Any CPU = Debug|Any CPU
		Release|Any CPU = Release|Any CPU
	EndGlobalSection
	GlobalSection(ProjectConfigurationPlatforms) = postSolution
		{98ADA28C-8D8B-44FD-B950-A5A6CFA22746}.Debug|Any CPU.ActiveCfg = Debug|Any CPU
		{98ADA28C-8D8B-44FD-B950-A5A6CFA22746}.Debug|Any CPU.Build.0 = Debug|Any CPU
		{98ADA28C-8D8B-44FD-B950-A5A6CFA22746}.Release|Any CPU.ActiveCfg = Release|Any CPU
		{98ADA28C-8D8B-44FD-B950-A5A6CFA22746}.Release|Any CPU.Build.0 = Release|Any CPU
		{480ED343-A850-498C-BCCB-B6FD50AAEBD4}.Debug|Any CPU.ActiveCfg = Debug|Any CPU
		{480ED343-A850-498C-BCCB-B6FD50AAEBD4}.Debug|Any CPU.Build.0 = Debug|Any CPU
		{480ED343-A850-498C-BCCB-B6FD50AAEBD4}.Release|Any CPU.ActiveCfg = Release|Any CPU
		{480ED343-A850-498C-BCCB-B6FD50AAEBD4}.Release|Any CPU.Build.0 = Release|Any CPU
		{F32337BB-F201-4BDA-8873-E66423A6393F}.Debug|Any CPU.ActiveCfg = Debug|Any CPU
		{F32337BB-F201-4BDA-8873-E66423A6393F}.Debug|Any CPU.Build.0 = Debug|Any CPU
		{F32337BB-F201-4BDA-8873-E66423A6393F}.Release|Any CPU.ActiveCfg = Release|Any CPU
		{F32337BB-F201-4BDA-8873-E66423A6393F}.Release|Any CPU.Build.0 = Release|Any CPU
		{EF5B3941-43EC-46C8-B7EE-BEDEF275E604}.Debug|Any CPU.ActiveCfg = Debug|Any CPU
		{EF5B3941-43EC-46C8-B7EE-BEDEF275E604}.Debug|Any CPU.Build.0 = Debug|Any CPU
		{EF5B3941-43EC-46C8-B7EE-BEDEF275E604}.Release|Any CPU.ActiveCfg = Release|Any CPU
		{EF5B3941-43EC-46C8-B7EE-BEDEF275E604}.Release|Any CPU.Build.0 = Release|Any CPU
		{01E58F2B-2006-45F6-8CC0-8956A9A6DD97}.Debug|Any CPU.ActiveCfg = Debug|Any CPU
		{01E58F2B-2006-45F6-8CC0-8956A9A6DD97}.Debug|Any CPU.Build.0 = Debug|Any CPU
		{01E58F2B-2006-45F6-8CC0-8956A9A6DD97}.Release|Any CPU.ActiveCfg = Release|Any CPU
		{01E58F2B-2006-45F6-8CC0-8956A9A6DD97}.Release|Any CPU.Build.0 = Release|Any CPU
		{0CA113F8-7541-4B43-BCBD-D03BCAC59A37}.Debug|Any CPU.ActiveCfg = Debug|Any CPU
		{0CA113F8-7541-4B43-BCBD-D03BCAC59A37}.Debug|Any CPU.Build.0 = Debug|Any CPU
		{0CA113F8-7541-4B43-BCBD-D03BCAC59A37}.Release|Any CPU.ActiveCfg = Release|Any CPU
		{0CA113F8-7541-4B43-BCBD-D03BCAC59A37}.Release|Any CPU.Build.0 = Release|Any CPU
		{2B1FBA92-C5D4-4A42-9A12-631FD852CF4E}.Debug|Any CPU.ActiveCfg = Debug|Any CPU
		{2B1FBA92-C5D4-4A42-9A12-631FD852CF4E}.Debug|Any CPU.Build.0 = Debug|Any CPU
		{2B1FBA92-C5D4-4A42-9A12-631FD852CF4E}.Release|Any CPU.ActiveCfg = Release|Any CPU
		{2B1FBA92-C5D4-4A42-9A12-631FD852CF4E}.Release|Any CPU.Build.0 = Release|Any CPU
		{4DF6B800-F171-4EC6-BC5D-4FD581C20CAE}.Debug|Any CPU.ActiveCfg = Debug|Any CPU
		{4DF6B800-F171-4EC6-BC5D-4FD581C20CAE}.Debug|Any CPU.Build.0 = Debug|Any CPU
		{4DF6B800-F171-4EC6-BC5D-4FD581C20CAE}.Release|Any CPU.ActiveCfg = Release|Any CPU
		{4DF6B800-F171-4EC6-BC5D-4FD581C20CAE}.Release|Any CPU.Build.0 = Release|Any CPU
		{4147EA97-582B-4E5A-B33D-3B0E8BCC5D70}.Debug|Any CPU.ActiveCfg = Debug|Any CPU
		{4147EA97-582B-4E5A-B33D-3B0E8BCC5D70}.Debug|Any CPU.Build.0 = Debug|Any CPU
		{4147EA97-582B-4E5A-B33D-3B0E8BCC5D70}.Release|Any CPU.ActiveCfg = Release|Any CPU
		{4147EA97-582B-4E5A-B33D-3B0E8BCC5D70}.Release|Any CPU.Build.0 = Release|Any CPU
		{961E0D3C-29E4-4A84-9F59-B3183B534778}.Debug|Any CPU.ActiveCfg = Debug|Any CPU
		{961E0D3C-29E4-4A84-9F59-B3183B534778}.Debug|Any CPU.Build.0 = Debug|Any CPU
		{961E0D3C-29E4-4A84-9F59-B3183B534778}.Release|Any CPU.ActiveCfg = Release|Any CPU
		{961E0D3C-29E4-4A84-9F59-B3183B534778}.Release|Any CPU.Build.0 = Release|Any CPU
		{5C9D18CB-D4EA-4C75-9884-D00C35EED595}.Debug|Any CPU.ActiveCfg = Debug|Any CPU
		{5C9D18CB-D4EA-4C75-9884-D00C35EED595}.Debug|Any CPU.Build.0 = Debug|Any CPU
		{5C9D18CB-D4EA-4C75-9884-D00C35EED595}.Release|Any CPU.ActiveCfg = Release|Any CPU
		{5C9D18CB-D4EA-4C75-9884-D00C35EED595}.Release|Any CPU.Build.0 = Release|Any CPU
		{D50ED788-217A-4DD4-AAEB-96309D5D3989}.Debug|Any CPU.ActiveCfg = Debug|Any CPU
		{D50ED788-217A-4DD4-AAEB-96309D5D3989}.Debug|Any CPU.Build.0 = Debug|Any CPU
		{D50ED788-217A-4DD4-AAEB-96309D5D3989}.Release|Any CPU.ActiveCfg = Release|Any CPU
		{D50ED788-217A-4DD4-AAEB-96309D5D3989}.Release|Any CPU.Build.0 = Release|Any CPU
		{22D4B19D-2D5B-4750-B04F-770219A6AFA6}.Debug|Any CPU.ActiveCfg = Debug|Any CPU
		{22D4B19D-2D5B-4750-B04F-770219A6AFA6}.Debug|Any CPU.Build.0 = Debug|Any CPU
		{22D4B19D-2D5B-4750-B04F-770219A6AFA6}.Release|Any CPU.ActiveCfg = Release|Any CPU
		{22D4B19D-2D5B-4750-B04F-770219A6AFA6}.Release|Any CPU.Build.0 = Release|Any CPU
		{F8FFEB4B-DE63-4BD8-A38D-3FEBC704EA73}.Debug|Any CPU.ActiveCfg = Debug|Any CPU
		{F8FFEB4B-DE63-4BD8-A38D-3FEBC704EA73}.Debug|Any CPU.Build.0 = Debug|Any CPU
		{F8FFEB4B-DE63-4BD8-A38D-3FEBC704EA73}.Release|Any CPU.ActiveCfg = Release|Any CPU
		{F8FFEB4B-DE63-4BD8-A38D-3FEBC704EA73}.Release|Any CPU.Build.0 = Release|Any CPU
		{62533CE7-4FBA-48AF-99FD-D1282F2E314D}.Debug|Any CPU.ActiveCfg = Debug|Any CPU
		{62533CE7-4FBA-48AF-99FD-D1282F2E314D}.Debug|Any CPU.Build.0 = Debug|Any CPU
		{62533CE7-4FBA-48AF-99FD-D1282F2E314D}.Release|Any CPU.ActiveCfg = Release|Any CPU
		{62533CE7-4FBA-48AF-99FD-D1282F2E314D}.Release|Any CPU.Build.0 = Release|Any CPU
		{2B1122B9-5C14-4ACC-895C-55366BAC6CC1}.Debug|Any CPU.ActiveCfg = Debug|Any CPU
		{2B1122B9-5C14-4ACC-895C-55366BAC6CC1}.Debug|Any CPU.Build.0 = Debug|Any CPU
		{2B1122B9-5C14-4ACC-895C-55366BAC6CC1}.Release|Any CPU.ActiveCfg = Release|Any CPU
		{2B1122B9-5C14-4ACC-895C-55366BAC6CC1}.Release|Any CPU.Build.0 = Release|Any CPU
		{19AE6653-04F5-489B-8D5B-982414613E08}.Debug|Any CPU.ActiveCfg = Debug|Any CPU
		{19AE6653-04F5-489B-8D5B-982414613E08}.Debug|Any CPU.Build.0 = Debug|Any CPU
		{19AE6653-04F5-489B-8D5B-982414613E08}.Release|Any CPU.ActiveCfg = Release|Any CPU
		{19AE6653-04F5-489B-8D5B-982414613E08}.Release|Any CPU.Build.0 = Release|Any CPU
		{018EE971-6EBC-4500-B034-DC26E5C31F93}.Debug|Any CPU.ActiveCfg = Debug|Any CPU
		{018EE971-6EBC-4500-B034-DC26E5C31F93}.Debug|Any CPU.Build.0 = Debug|Any CPU
		{018EE971-6EBC-4500-B034-DC26E5C31F93}.Release|Any CPU.ActiveCfg = Release|Any CPU
		{018EE971-6EBC-4500-B034-DC26E5C31F93}.Release|Any CPU.Build.0 = Release|Any CPU
		{FF19304F-4FBE-4CF7-A62D-49635A256FE7}.Debug|Any CPU.ActiveCfg = Debug|Any CPU
		{FF19304F-4FBE-4CF7-A62D-49635A256FE7}.Debug|Any CPU.Build.0 = Debug|Any CPU
		{FF19304F-4FBE-4CF7-A62D-49635A256FE7}.Release|Any CPU.ActiveCfg = Release|Any CPU
		{FF19304F-4FBE-4CF7-A62D-49635A256FE7}.Release|Any CPU.Build.0 = Release|Any CPU
		{9C1CE81D-1F5A-40E3-B1C7-0B5830CF8D7E}.Debug|Any CPU.ActiveCfg = Debug|Any CPU
		{9C1CE81D-1F5A-40E3-B1C7-0B5830CF8D7E}.Debug|Any CPU.Build.0 = Debug|Any CPU
		{9C1CE81D-1F5A-40E3-B1C7-0B5830CF8D7E}.Release|Any CPU.ActiveCfg = Release|Any CPU
		{9C1CE81D-1F5A-40E3-B1C7-0B5830CF8D7E}.Release|Any CPU.Build.0 = Release|Any CPU
		{CBEE7CD8-9F97-49B3-BED1-CD137887D3DC}.Debug|Any CPU.ActiveCfg = Debug|Any CPU
		{CBEE7CD8-9F97-49B3-BED1-CD137887D3DC}.Debug|Any CPU.Build.0 = Debug|Any CPU
		{CBEE7CD8-9F97-49B3-BED1-CD137887D3DC}.Release|Any CPU.ActiveCfg = Release|Any CPU
		{CBEE7CD8-9F97-49B3-BED1-CD137887D3DC}.Release|Any CPU.Build.0 = Release|Any CPU
	EndGlobalSection
	GlobalSection(SolutionProperties) = preSolution
		HideSolutionNode = FALSE
	EndGlobalSection
	GlobalSection(NestedProjects) = preSolution
		{98ADA28C-8D8B-44FD-B950-A5A6CFA22746} = {02EA681E-C7D8-13C7-8484-4AC65E1B71E8}
		{480ED343-A850-498C-BCCB-B6FD50AAEBD4} = {02EA681E-C7D8-13C7-8484-4AC65E1B71E8}
		{F32337BB-F201-4BDA-8873-E66423A6393F} = {02EA681E-C7D8-13C7-8484-4AC65E1B71E8}
		{EF5B3941-43EC-46C8-B7EE-BEDEF275E604} = {ADE906AB-2343-4849-ADB7-24030F65E012}
		{01E58F2B-2006-45F6-8CC0-8956A9A6DD97} = {ADE906AB-2343-4849-ADB7-24030F65E012}
		{0CA113F8-7541-4B43-BCBD-D03BCAC59A37} = {ADE906AB-2343-4849-ADB7-24030F65E012}
		{2B1FBA92-C5D4-4A42-9A12-631FD852CF4E} = {1FF7ADDC-0FBA-4A0C-A51A-AD2996FBA103}
		{4DF6B800-F171-4EC6-BC5D-4FD581C20CAE} = {1FF7ADDC-0FBA-4A0C-A51A-AD2996FBA103}
		{4147EA97-582B-4E5A-B33D-3B0E8BCC5D70} = {1FF7ADDC-0FBA-4A0C-A51A-AD2996FBA103}
		{961E0D3C-29E4-4A84-9F59-B3183B534778} = {D021A844-0A2F-4AD2-A697-E96F19CB4E9E}
		{5C9D18CB-D4EA-4C75-9884-D00C35EED595} = {D021A844-0A2F-4AD2-A697-E96F19CB4E9E}
		{D50ED788-217A-4DD4-AAEB-96309D5D3989} = {D021A844-0A2F-4AD2-A697-E96F19CB4E9E}
		{22D4B19D-2D5B-4750-B04F-770219A6AFA6} = {3CA2CA93-5CE7-4947-8C7D-25163A461511}
		{F8FFEB4B-DE63-4BD8-A38D-3FEBC704EA73} = {3CA2CA93-5CE7-4947-8C7D-25163A461511}
		{62533CE7-4FBA-48AF-99FD-D1282F2E314D} = {3CA2CA93-5CE7-4947-8C7D-25163A461511}
		{2B1122B9-5C14-4ACC-895C-55366BAC6CC1} = {D55A1D15-16A4-4DBF-9B41-5213DFD742A9}
		{19AE6653-04F5-489B-8D5B-982414613E08} = {D55A1D15-16A4-4DBF-9B41-5213DFD742A9}
		{018EE971-6EBC-4500-B034-DC26E5C31F93} = {D55A1D15-16A4-4DBF-9B41-5213DFD742A9}
		{FF19304F-4FBE-4CF7-A62D-49635A256FE7} = {6A606572-B341-460D-9696-00FED8809700}
		{9C1CE81D-1F5A-40E3-B1C7-0B5830CF8D7E} = {6A606572-B341-460D-9696-00FED8809700}
		{CBEE7CD8-9F97-49B3-BED1-CD137887D3DC} = {6A606572-B341-460D-9696-00FED8809700}
	EndGlobalSection
	GlobalSection(ExtensibilityGlobals) = postSolution
		SolutionGuid = {559D5455-2D43-4770-BF0C-018BF2A81381}
	EndGlobalSection
EndGlobal
